
Microsoft Visual Studio Solution File, Format Version 12.00
# Visual Studio 15
VisualStudioVersion = 15.0.28307.1062
MinimumVisualStudioVersion = 10.0.40219.1
Project("{888888A0-9F3D-457C-B088-3A5042F75D52}") = "Reptile", "Reptile\Reptile.pyproj", "{9FC28A85-0258-46A5-8832-38291DF1189D}"
EndProject
Global
	GlobalSection(SolutionConfigurationPlatforms) = preSolution
		Debug|Any CPU = Debug|Any CPU
		Release|Any CPU = Release|Any CPU
	EndGlobalSection
	GlobalSection(ProjectConfigurationPlatforms) = postSolution
		{9FC28A85-0258-46A5-8832-38291DF1189D}.Debug|Any CPU.ActiveCfg = Debug|Any CPU
		{9FC28A85-0258-46A5-8832-38291DF1189D}.Release|Any CPU.ActiveCfg = Release|Any CPU
	EndGlobalSection
	GlobalSection(SolutionProperties) = preSolution
		HideSolutionNode = FALSE
	EndGlobalSection
	GlobalSection(ExtensibilityGlobals) = postSolution
		SolutionGuid = {91D0D0E3-F108-491E-992B-9CB4E2F1D877}
	EndGlobalSection
EndGlobal
